// !$*UTF8*$!
{
	archiveVersion = 1;
	classes = {
	};
	objectVersion = 50;
	objects = {

/* Begin PBXBuildFile section */
		DD2AEF5021B6671E00D30B4E /* Reachability.swift in Sources */ = {isa = PBXBuildFile; fileRef = DD2AEF4B21B6671E00D30B4E /* Reachability.swift */; };
		DD2AEF5121B6671E00D30B4E /* iCarousel.m in Sources */ = {isa = PBXBuildFile; fileRef = DD2AEF4D21B6671E00D30B4E /* iCarousel.m */; };
		DD4417EA21B668020063872B /* MoviesDataHandler.swift in Sources */ = {isa = PBXBuildFile; fileRef = DD4417E821B668020063872B /* MoviesDataHandler.swift */; };
		DD4417EB21B668020063872B /* MoviesServiceHandler.swift in Sources */ = {isa = PBXBuildFile; fileRef = DD4417E921B668020063872B /* MoviesServiceHandler.swift */; };
		DD4417F621B669350063872B /* Movie+CoreDataProperties.swift in Sources */ = {isa = PBXBuildFile; fileRef = DD4417ED21B669350063872B /* Movie+CoreDataProperties.swift */; };
		DD4417F721B669350063872B /* Movie+CoreDataClass.swift in Sources */ = {isa = PBXBuildFile; fileRef = DD4417EE21B669350063872B /* Movie+CoreDataClass.swift */; };
		DD4417F821B669350063872B /* MovieListPresenter.swift in Sources */ = {isa = PBXBuildFile; fileRef = DD4417F021B669350063872B /* MovieListPresenter.swift */; };
		DD4417F921B669350063872B /* MovieListController.swift in Sources */ = {isa = PBXBuildFile; fileRef = DD4417F221B669350063872B /* MovieListController.swift */; };
		DD4417FA21B669350063872B /* MovieDetailsView.xib in Resources */ = {isa = PBXBuildFile; fileRef = DD4417F421B669350063872B /* MovieDetailsView.xib */; };
		DD4417FB21B669350063872B /* MovieDetailsView.swift in Sources */ = {isa = PBXBuildFile; fileRef = DD4417F521B669350063872B /* MovieDetailsView.swift */; };
		DD44180421B66AAA0063872B /* MovieDetailsViewTests.swift in Sources */ = {isa = PBXBuildFile; fileRef = DD4417FE21B66AAA0063872B /* MovieDetailsViewTests.swift */; };
		DD44180521B66AAA0063872B /* MovieListPresenterTests.swift in Sources */ = {isa = PBXBuildFile; fileRef = DD44180021B66AAA0063872B /* MovieListPresenterTests.swift */; };
		DD44180621B66AAA0063872B /* MovieServiceHandlerTests.swift in Sources */ = {isa = PBXBuildFile; fileRef = DD44180221B66AAA0063872B /* MovieServiceHandlerTests.swift */; };
		DD44180721B66AAA0063872B /* MovieDataHandlerTests.swift in Sources */ = {isa = PBXBuildFile; fileRef = DD44180321B66AAA0063872B /* MovieDataHandlerTests.swift */; };
		DD44180B21B66B220063872B /* Constants.swift in Sources */ = {isa = PBXBuildFile; fileRef = DD44180A21B66B210063872B /* Constants.swift */; };
		DD44180C21B66E160063872B /* DummyMovies.json in Resources */ = {isa = PBXBuildFile; fileRef = DD44180821B66AC80063872B /* DummyMovies.json */; };
		DD44180E21B66EF00063872B /* MovieListControllerTests.swift in Sources */ = {isa = PBXBuildFile; fileRef = DD44180D21B66EF00063872B /* MovieListControllerTests.swift */; };
		DDAAA92121B23C8200E76F0F /* AppDelegate.swift in Sources */ = {isa = PBXBuildFile; fileRef = DDAAA92021B23C8200E76F0F /* AppDelegate.swift */; };
		DDAAA92621B23C8200E76F0F /* Main.storyboard in Resources */ = {isa = PBXBuildFile; fileRef = DDAAA92421B23C8200E76F0F /* Main.storyboard */; };
		DDAAA92921B23C8200E76F0F /* MoviesBox.xcdatamodeld in Sources */ = {isa = PBXBuildFile; fileRef = DDAAA92721B23C8200E76F0F /* MoviesBox.xcdatamodeld */; };
		DDAAA92B21B23C8300E76F0F /* Assets.xcassets in Resources */ = {isa = PBXBuildFile; fileRef = DDAAA92A21B23C8300E76F0F /* Assets.xcassets */; };
		DDAAA92E21B23C8300E76F0F /* LaunchScreen.storyboard in Resources */ = {isa = PBXBuildFile; fileRef = DDAAA92C21B23C8300E76F0F /* LaunchScreen.storyboard */; };
		DDAAA93921B23C8400E76F0F /* MoviesBoxTests.swift in Sources */ = {isa = PBXBuildFile; fileRef = DDAAA93821B23C8400E76F0F /* MoviesBoxTests.swift */; };
/* End PBXBuildFile section */

/* Begin PBXContainerItemProxy section */
		DDAAA93521B23C8400E76F0F /* PBXContainerItemProxy */ = {
			isa = PBXContainerItemProxy;
			containerPortal = DDAAA91521B23C8200E76F0F /* Project object */;
			proxyType = 1;
			remoteGlobalIDString = DDAAA91C21B23C8200E76F0F;
			remoteInfo = MoviesBox;
		};
/* End PBXContainerItemProxy section */

/* Begin PBXFileReference section */
		DD2AEF4B21B6671E00D30B4E /* Reachability.swift */ = {isa = PBXFileReference; fileEncoding = 4; lastKnownFileType = sourcecode.swift; path = Reachability.swift; sourceTree = "<group>"; };
		DD2AEF4D21B6671E00D30B4E /* iCarousel.m */ = {isa = PBXFileReference; fileEncoding = 4; lastKnownFileType = sourcecode.c.objc; path = iCarousel.m; sourceTree = "<group>"; };
		DD2AEF4E21B6671E00D30B4E /* MoviesBox-Bridging-Header.h */ = {isa = PBXFileReference; fileEncoding = 4; lastKnownFileType = sourcecode.c.h; path = "MoviesBox-Bridging-Header.h"; sourceTree = "<group>"; };
		DD2AEF4F21B6671E00D30B4E /* iCarousel.h */ = {isa = PBXFileReference; fileEncoding = 4; lastKnownFileType = sourcecode.c.h; path = iCarousel.h; sourceTree = "<group>"; };
		DD4417E821B668020063872B /* MoviesDataHandler.swift */ = {isa = PBXFileReference; fileEncoding = 4; lastKnownFileType = sourcecode.swift; path = MoviesDataHandler.swift; sourceTree = "<group>"; };
		DD4417E921B668020063872B /* MoviesServiceHandler.swift */ = {isa = PBXFileReference; fileEncoding = 4; lastKnownFileType = sourcecode.swift; path = MoviesServiceHandler.swift; sourceTree = "<group>"; };
		DD4417ED21B669350063872B /* Movie+CoreDataProperties.swift */ = {isa = PBXFileReference; fileEncoding = 4; lastKnownFileType = sourcecode.swift; path = "Movie+CoreDataProperties.swift"; sourceTree = "<group>"; };
		DD4417EE21B669350063872B /* Movie+CoreDataClass.swift */ = {isa = PBXFileReference; fileEncoding = 4; lastKnownFileType = sourcecode.swift; path = "Movie+CoreDataClass.swift"; sourceTree = "<group>"; };
		DD4417F021B669350063872B /* MovieListPresenter.swift */ = {isa = PBXFileReference; fileEncoding = 4; lastKnownFileType = sourcecode.swift; path = MovieListPresenter.swift; sourceTree = "<group>"; };
		DD4417F221B669350063872B /* MovieListController.swift */ = {isa = PBXFileReference; fileEncoding = 4; lastKnownFileType = sourcecode.swift; path = MovieListController.swift; sourceTree = "<group>"; };
		DD4417F421B669350063872B /* MovieDetailsView.xib */ = {isa = PBXFileReference; fileEncoding = 4; lastKnownFileType = file.xib; path = MovieDetailsView.xib; sourceTree = "<group>"; };
		DD4417F521B669350063872B /* MovieDetailsView.swift */ = {isa = PBXFileReference; fileEncoding = 4; lastKnownFileType = sourcecode.swift; path = MovieDetailsView.swift; sourceTree = "<group>"; };
		DD4417FE21B66AAA0063872B /* MovieDetailsViewTests.swift */ = {isa = PBXFileReference; fileEncoding = 4; lastKnownFileType = sourcecode.swift; path = MovieDetailsViewTests.swift; sourceTree = "<group>"; };
		DD44180021B66AAA0063872B /* MovieListPresenterTests.swift */ = {isa = PBXFileReference; fileEncoding = 4; lastKnownFileType = sourcecode.swift; path = MovieListPresenterTests.swift; sourceTree = "<group>"; };
		DD44180221B66AAA0063872B /* MovieServiceHandlerTests.swift */ = {isa = PBXFileReference; fileEncoding = 4; lastKnownFileType = sourcecode.swift; path = MovieServiceHandlerTests.swift; sourceTree = "<group>"; };
		DD44180321B66AAA0063872B /* MovieDataHandlerTests.swift */ = {isa = PBXFileReference; fileEncoding = 4; lastKnownFileType = sourcecode.swift; path = MovieDataHandlerTests.swift; sourceTree = "<group>"; };
		DD44180821B66AC80063872B /* DummyMovies.json */ = {isa = PBXFileReference; fileEncoding = 4; lastKnownFileType = text.json; path = DummyMovies.json; sourceTree = "<group>"; };
		DD44180A21B66B210063872B /* Constants.swift */ = {isa = PBXFileReference; fileEncoding = 4; lastKnownFileType = sourcecode.swift; path = Constants.swift; sourceTree = "<group>"; };
		DD44180D21B66EF00063872B /* MovieListControllerTests.swift */ = {isa = PBXFileReference; lastKnownFileType = sourcecode.swift; path = MovieListControllerTests.swift; sourceTree = "<group>"; };
		DDAAA91D21B23C8200E76F0F /* MoviesBox.app */ = {isa = PBXFileReference; explicitFileType = wrapper.application; includeInIndex = 0; path = MoviesBox.app; sourceTree = BUILT_PRODUCTS_DIR; };
		DDAAA92021B23C8200E76F0F /* AppDelegate.swift */ = {isa = PBXFileReference; lastKnownFileType = sourcecode.swift; path = AppDelegate.swift; sourceTree = "<group>"; };
		DDAAA92521B23C8200E76F0F /* Base */ = {isa = PBXFileReference; lastKnownFileType = file.storyboard; name = Base; path = Base.lproj/Main.storyboard; sourceTree = "<group>"; };
		DDAAA92821B23C8200E76F0F /* MoviesBox.xcdatamodel */ = {isa = PBXFileReference; lastKnownFileType = wrapper.xcdatamodel; path = MoviesBox.xcdatamodel; sourceTree = "<group>"; };
		DDAAA92A21B23C8300E76F0F /* Assets.xcassets */ = {isa = PBXFileReference; lastKnownFileType = folder.assetcatalog; path = Assets.xcassets; sourceTree = "<group>"; };
		DDAAA92D21B23C8300E76F0F /* Base */ = {isa = PBXFileReference; lastKnownFileType = file.storyboard; name = Base; path = Base.lproj/LaunchScreen.storyboard; sourceTree = "<group>"; };
		DDAAA92F21B23C8300E76F0F /* Info.plist */ = {isa = PBXFileReference; lastKnownFileType = text.plist.xml; path = Info.plist; sourceTree = "<group>"; };
		DDAAA93421B23C8400E76F0F /* MoviesBoxTests.xctest */ = {isa = PBXFileReference; explicitFileType = wrapper.cfbundle; includeInIndex = 0; path = MoviesBoxTests.xctest; sourceTree = BUILT_PRODUCTS_DIR; };
		DDAAA93821B23C8400E76F0F /* MoviesBoxTests.swift */ = {isa = PBXFileReference; lastKnownFileType = sourcecode.swift; path = MoviesBoxTests.swift; sourceTree = "<group>"; };
		DDAAA93A21B23C8400E76F0F /* Info.plist */ = {isa = PBXFileReference; lastKnownFileType = text.plist.xml; path = Info.plist; sourceTree = "<group>"; };
/* End PBXFileReference section */

/* Begin PBXFrameworksBuildPhase section */
		DDAAA91A21B23C8200E76F0F /* Frameworks */ = {
			isa = PBXFrameworksBuildPhase;
			buildActionMask = 2147483647;
			files = (
			);
			runOnlyForDeploymentPostprocessing = 0;
		};
		DDAAA93121B23C8400E76F0F /* Frameworks */ = {
			isa = PBXFrameworksBuildPhase;
			buildActionMask = 2147483647;
			files = (
			);
			runOnlyForDeploymentPostprocessing = 0;
		};
/* End PBXFrameworksBuildPhase section */

/* Begin PBXGroup section */
		DD2AEF4921B6671E00D30B4E /* Helpers */ = {
			isa = PBXGroup;
			children = (
				DD2AEF4A21B6671E00D30B4E /* Reachability */,
				DD2AEF4C21B6671E00D30B4E /* iCarousel */,
			);
			path = Helpers;
			sourceTree = "<group>";
		};
		DD2AEF4A21B6671E00D30B4E /* Reachability */ = {
			isa = PBXGroup;
			children = (
				DD2AEF4B21B6671E00D30B4E /* Reachability.swift */,
			);
			path = Reachability;
			sourceTree = "<group>";
		};
		DD2AEF4C21B6671E00D30B4E /* iCarousel */ = {
			isa = PBXGroup;
			children = (
				DD2AEF4D21B6671E00D30B4E /* iCarousel.m */,
				DD2AEF4E21B6671E00D30B4E /* MoviesBox-Bridging-Header.h */,
				DD2AEF4F21B6671E00D30B4E /* iCarousel.h */,
			);
			path = iCarousel;
			sourceTree = "<group>";
		};
		DD4417E721B668020063872B /* Handler */ = {
			isa = PBXGroup;
			children = (
				DD4417E821B668020063872B /* MoviesDataHandler.swift */,
				DD4417E921B668020063872B /* MoviesServiceHandler.swift */,
			);
			path = Handler;
			sourceTree = "<group>";
		};
		DD4417EC21B669350063872B /* Model */ = {
			isa = PBXGroup;
			children = (
				DD4417ED21B669350063872B /* Movie+CoreDataProperties.swift */,
				DD4417EE21B669350063872B /* Movie+CoreDataClass.swift */,
			);
			path = Model;
			sourceTree = "<group>";
		};
		DD4417EF21B669350063872B /* Presenter */ = {
			isa = PBXGroup;
			children = (
				DD4417F021B669350063872B /* MovieListPresenter.swift */,
			);
			path = Presenter;
			sourceTree = "<group>";
		};
		DD4417F121B669350063872B /* View */ = {
			isa = PBXGroup;
			children = (
				DD4417F221B669350063872B /* MovieListController.swift */,
				DD4417F321B669350063872B /* MovieDetails */,
			);
			path = View;
			sourceTree = "<group>";
		};
		DD4417F321B669350063872B /* MovieDetails */ = {
			isa = PBXGroup;
			children = (
				DD4417F521B669350063872B /* MovieDetailsView.swift */,
				DD4417F421B669350063872B /* MovieDetailsView.xib */,
			);
			path = MovieDetails;
			sourceTree = "<group>";
		};
		DD4417FC21B66AAA0063872B /* View */ = {
			isa = PBXGroup;
			children = (
				DD44180D21B66EF00063872B /* MovieListControllerTests.swift */,
				DD4417FD21B66AAA0063872B /* MovieDetails */,
			);
			path = View;
			sourceTree = "<group>";
		};
		DD4417FD21B66AAA0063872B /* MovieDetails */ = {
			isa = PBXGroup;
			children = (
				DD4417FE21B66AAA0063872B /* MovieDetailsViewTests.swift */,
			);
			path = MovieDetails;
			sourceTree = "<group>";
		};
		DD4417FF21B66AAA0063872B /* Presenter */ = {
			isa = PBXGroup;
			children = (
				DD44180021B66AAA0063872B /* MovieListPresenterTests.swift */,
			);
			path = Presenter;
			sourceTree = "<group>";
		};
		DD44180121B66AAA0063872B /* Handler */ = {
			isa = PBXGroup;
			children = (
				DD44180221B66AAA0063872B /* MovieServiceHandlerTests.swift */,
				DD44180321B66AAA0063872B /* MovieDataHandlerTests.swift */,
			);
			path = Handler;
			sourceTree = "<group>";
		};
		DDAAA91421B23C8200E76F0F = {
			isa = PBXGroup;
			children = (
				DDAAA91F21B23C8200E76F0F /* MoviesBox */,
				DDAAA93721B23C8400E76F0F /* MoviesBoxTests */,
				DDAAA91E21B23C8200E76F0F /* Products */,
			);
			sourceTree = "<group>";
		};
		DDAAA91E21B23C8200E76F0F /* Products */ = {
			isa = PBXGroup;
			children = (
				DDAAA91D21B23C8200E76F0F /* MoviesBox.app */,
				DDAAA93421B23C8400E76F0F /* MoviesBoxTests.xctest */,
			);
			name = Products;
			sourceTree = "<group>";
		};
		DDAAA91F21B23C8200E76F0F /* MoviesBox */ = {
			isa = PBXGroup;
			children = (
				DDAAA92021B23C8200E76F0F /* AppDelegate.swift */,
				DD4417EC21B669350063872B /* Model */,
				DD4417EF21B669350063872B /* Presenter */,
				DD4417F121B669350063872B /* View */,
				DD4417E721B668020063872B /* Handler */,
				DD2AEF4921B6671E00D30B4E /* Helpers */,
				DDAAA92A21B23C8300E76F0F /* Assets.xcassets */,
				DDAAA92C21B23C8300E76F0F /* LaunchScreen.storyboard */,
				DDAAA92421B23C8200E76F0F /* Main.storyboard */,
				DDAAA92F21B23C8300E76F0F /* Info.plist */,
				DDAAA92721B23C8200E76F0F /* MoviesBox.xcdatamodeld */,
				DD44180A21B66B210063872B /* Constants.swift */,
				DD44180821B66AC80063872B /* DummyMovies.json */,
			);
			path = MoviesBox;
			sourceTree = "<group>";
		};
		DDAAA93721B23C8400E76F0F /* MoviesBoxTests */ = {
			isa = PBXGroup;
			children = (
				DDAAA93821B23C8400E76F0F /* MoviesBoxTests.swift */,
				DD4417FC21B66AAA0063872B /* View */,
				DD4417FF21B66AAA0063872B /* Presenter */,
				DD44180121B66AAA0063872B /* Handler */,
				DDAAA93A21B23C8400E76F0F /* Info.plist */,
			);
			path = MoviesBoxTests;
			sourceTree = "<group>";
		};
/* End PBXGroup section */

/* Begin PBXNativeTarget section */
		DDAAA91C21B23C8200E76F0F /* MoviesBox */ = {
			isa = PBXNativeTarget;
			buildConfigurationList = DDAAA93D21B23C8400E76F0F /* Build configuration list for PBXNativeTarget "MoviesBox" */;
			buildPhases = (
				DDAAA91921B23C8200E76F0F /* Sources */,
				DDAAA91A21B23C8200E76F0F /* Frameworks */,
				DDAAA91B21B23C8200E76F0F /* Resources */,
			);
			buildRules = (
			);
			dependencies = (
			);
			name = MoviesBox;
			productName = MoviesBox;
			productReference = DDAAA91D21B23C8200E76F0F /* MoviesBox.app */;
			productType = "com.apple.product-type.application";
		};
		DDAAA93321B23C8400E76F0F /* MoviesBoxTests */ = {
			isa = PBXNativeTarget;
			buildConfigurationList = DDAAA94021B23C8400E76F0F /* Build configuration list for PBXNativeTarget "MoviesBoxTests" */;
			buildPhases = (
				DDAAA93021B23C8400E76F0F /* Sources */,
				DDAAA93121B23C8400E76F0F /* Frameworks */,
				DDAAA93221B23C8400E76F0F /* Resources */,
			);
			buildRules = (
			);
			dependencies = (
				DDAAA93621B23C8400E76F0F /* PBXTargetDependency */,
			);
			name = MoviesBoxTests;
			productName = MoviesBoxTests;
			productReference = DDAAA93421B23C8400E76F0F /* MoviesBoxTests.xctest */;
			productType = "com.apple.product-type.bundle.unit-test";
		};
/* End PBXNativeTarget section */

/* Begin PBXProject section */
		DDAAA91521B23C8200E76F0F /* Project object */ = {
			isa = PBXProject;
			attributes = {
				LastSwiftUpdateCheck = 1010;
				LastUpgradeCheck = 1010;
				ORGANIZATIONNAME = "Virupaksha futane";
				TargetAttributes = {
					DDAAA91C21B23C8200E76F0F = {
						CreatedOnToolsVersion = 10.1;
						LastSwiftMigration = 1010;
					};
					DDAAA93321B23C8400E76F0F = {
						CreatedOnToolsVersion = 10.1;
						TestTargetID = DDAAA91C21B23C8200E76F0F;
					};
				};
			};
			buildConfigurationList = DDAAA91821B23C8200E76F0F /* Build configuration list for PBXProject "MoviesBox" */;
			compatibilityVersion = "Xcode 9.3";
			developmentRegion = en;
			hasScannedForEncodings = 0;
			knownRegions = (
				en,
				Base,
			);
			mainGroup = DDAAA91421B23C8200E76F0F;
			productRefGroup = DDAAA91E21B23C8200E76F0F /* Products */;
			projectDirPath = "";
			projectRoot = "";
			targets = (
				DDAAA91C21B23C8200E76F0F /* MoviesBox */,
				DDAAA93321B23C8400E76F0F /* MoviesBoxTests */,
			);
		};
/* End PBXProject section */

/* Begin PBXResourcesBuildPhase section */
		DDAAA91B21B23C8200E76F0F /* Resources */ = {
			isa = PBXResourcesBuildPhase;
			buildActionMask = 2147483647;
			files = (
				DDAAA92E21B23C8300E76F0F /* LaunchScreen.storyboard in Resources */,
				DD44180C21B66E160063872B /* DummyMovies.json in Resources */,
				DDAAA92B21B23C8300E76F0F /* Assets.xcassets in Resources */,
				DD4417FA21B669350063872B /* MovieDetailsView.xib in Resources */,
				DDAAA92621B23C8200E76F0F /* Main.storyboard in Resources */,
			);
			runOnlyForDeploymentPostprocessing = 0;
		};
		DDAAA93221B23C8400E76F0F /* Resources */ = {
			isa = PBXResourcesBuildPhase;
			buildActionMask = 2147483647;
			files = (
			);
			runOnlyForDeploymentPostprocessing = 0;
		};
/* End PBXResourcesBuildPhase section */

/* Begin PBXSourcesBuildPhase section */
		DDAAA91921B23C8200E76F0F /* Sources */ = {
			isa = PBXSourcesBuildPhase;
			buildActionMask = 2147483647;
			files = (
				DD2AEF5121B6671E00D30B4E /* iCarousel.m in Sources */,
				DDAAA92121B23C8200E76F0F /* AppDelegate.swift in Sources */,
				DD4417EA21B668020063872B /* MoviesDataHandler.swift in Sources */,
				DD4417F721B669350063872B /* Movie+CoreDataClass.swift in Sources */,
				DD4417F921B669350063872B /* MovieListController.swift in Sources */,
				DD4417FB21B669350063872B /* MovieDetailsView.swift in Sources */,
				DD4417F621B669350063872B /* Movie+CoreDataProperties.swift in Sources */,
				DD2AEF5021B6671E00D30B4E /* Reachability.swift in Sources */,
				DDAAA92921B23C8200E76F0F /* MoviesBox.xcdatamodeld in Sources */,
				DD4417EB21B668020063872B /* MoviesServiceHandler.swift in Sources */,
				DD4417F821B669350063872B /* MovieListPresenter.swift in Sources */,
				DD44180B21B66B220063872B /* Constants.swift in Sources */,
			);
			runOnlyForDeploymentPostprocessing = 0;
		};
		DDAAA93021B23C8400E76F0F /* Sources */ = {
			isa = PBXSourcesBuildPhase;
			buildActionMask = 2147483647;
			files = (
				DD44180521B66AAA0063872B /* MovieListPresenterTests.swift in Sources */,
				DD44180421B66AAA0063872B /* MovieDetailsViewTests.swift in Sources */,
				DDAAA93921B23C8400E76F0F /* MoviesBoxTests.swift in Sources */,
				DD44180721B66AAA0063872B /* MovieDataHandlerTests.swift in Sources */,
				DD44180E21B66EF00063872B /* MovieListControllerTests.swift in Sources */,
				DD44180621B66AAA0063872B /* MovieServiceHandlerTests.swift in Sources */,
			);
			runOnlyForDeploymentPostprocessing = 0;
		};
/* End PBXSourcesBuildPhase section */

/* Begin PBXTargetDependency section */
		DDAAA93621B23C8400E76F0F /* PBXTargetDependency */ = {
			isa = PBXTargetDependency;
			target = DDAAA91C21B23C8200E76F0F /* MoviesBox */;
			targetProxy = DDAAA93521B23C8400E76F0F /* PBXContainerItemProxy */;
		};
/* End PBXTargetDependency section */

/* Begin PBXVariantGroup section */
		DDAAA92421B23C8200E76F0F /* Main.storyboard */ = {
			isa = PBXVariantGroup;
			children = (
				DDAAA92521B23C8200E76F0F /* Base */,
			);
			name = Main.storyboard;
			sourceTree = "<group>";
		};
		DDAAA92C21B23C8300E76F0F /* LaunchScreen.storyboard */ = {
			isa = PBXVariantGroup;
			children = (
				DDAAA92D21B23C8300E76F0F /* Base */,
			);
			name = LaunchScreen.storyboard;
			sourceTree = "<group>";
		};
/* End PBXVariantGroup section */

/* Begin XCBuildConfiguration section */
		DDAAA93B21B23C8400E76F0F /* Debug */ = {
			isa = XCBuildConfiguration;
			buildSettings = {
				ALWAYS_SEARCH_USER_PATHS = NO;
				CLANG_ANALYZER_NONNULL = YES;
				CLANG_ANALYZER_NUMBER_OBJECT_CONVERSION = YES_AGGRESSIVE;
				CLANG_CXX_LANGUAGE_STANDARD = "gnu++14";
				CLANG_CXX_LIBRARY = "libc++";
				CLANG_ENABLE_MODULES = YES;
				CLANG_ENABLE_OBJC_ARC = YES;
				CLANG_ENABLE_OBJC_WEAK = YES;
				CLANG_WARN_BLOCK_CAPTURE_AUTORELEASING = YES;
				CLANG_WARN_BOOL_CONVERSION = YES;
				CLANG_WARN_COMMA = YES;
				CLANG_WARN_CONSTANT_CONVERSION = YES;
				CLANG_WARN_DEPRECATED_OBJC_IMPLEMENTATIONS = YES;
				CLANG_WARN_DIRECT_OBJC_ISA_USAGE = YES_ERROR;
				CLANG_WARN_DOCUMENTATION_COMMENTS = YES;
				CLANG_WARN_EMPTY_BODY = YES;
				CLANG_WARN_ENUM_CONVERSION = YES;
				CLANG_WARN_INFINITE_RECURSION = YES;
				CLANG_WARN_INT_CONVERSION = YES;
				CLANG_WARN_NON_LITERAL_NULL_CONVERSION = YES;
				CLANG_WARN_OBJC_IMPLICIT_RETAIN_SELF = YES;
				CLANG_WARN_OBJC_LITERAL_CONVERSION = YES;
				CLANG_WARN_OBJC_ROOT_CLASS = YES_ERROR;
				CLANG_WARN_RANGE_LOOP_ANALYSIS = YES;
				CLANG_WARN_STRICT_PROTOTYPES = YES;
				CLANG_WARN_SUSPICIOUS_MOVE = YES;
				CLANG_WARN_UNGUARDED_AVAILABILITY = YES_AGGRESSIVE;
				CLANG_WARN_UNREACHABLE_CODE = YES;
				CLANG_WARN__DUPLICATE_METHOD_MATCH = YES;
				CODE_SIGN_IDENTITY = "iPhone Developer";
				COPY_PHASE_STRIP = NO;
				DEBUG_INFORMATION_FORMAT = dwarf;
				ENABLE_STRICT_OBJC_MSGSEND = YES;
				ENABLE_TESTABILITY = YES;
				GCC_C_LANGUAGE_STANDARD = gnu11;
				GCC_DYNAMIC_NO_PIC = NO;
				GCC_NO_COMMON_BLOCKS = YES;
				GCC_OPTIMIZATION_LEVEL = 0;
				GCC_PREPROCESSOR_DEFINITIONS = (
					"DEBUG=1",
					"$(inherited)",
				);
				GCC_WARN_64_TO_32_BIT_CONVERSION = YES;
				GCC_WARN_ABOUT_RETURN_TYPE = YES_ERROR;
				GCC_WARN_UNDECLARED_SELECTOR = YES;
				GCC_WARN_UNINITIALIZED_AUTOS = YES_AGGRESSIVE;
				GCC_WARN_UNUSED_FUNCTION = YES;
				GCC_WARN_UNUSED_VARIABLE = YES;
				IPHONEOS_DEPLOYMENT_TARGET = 12.1;
				MTL_ENABLE_DEBUG_INFO = INCLUDE_SOURCE;
				MTL_FAST_MATH = YES;
				ONLY_ACTIVE_ARCH = YES;
				SDKROOT = iphoneos;
				SWIFT_ACTIVE_COMPILATION_CONDITIONS = DEBUG;
				SWIFT_OPTIMIZATION_LEVEL = "-Onone";
			};
			name = Debug;
		};
		DDAAA93C21B23C8400E76F0F /* Release */ = {
			isa = XCBuildConfiguration;
			buildSettings = {
				ALWAYS_SEARCH_USER_PATHS = NO;
				CLANG_ANALYZER_NONNULL = YES;
				CLANG_ANALYZER_NUMBER_OBJECT_CONVERSION = YES_AGGRESSIVE;
				CLANG_CXX_LANGUAGE_STANDARD = "gnu++14";
				CLANG_CXX_LIBRARY = "libc++";
				CLANG_ENABLE_MODULES = YES;
				CLANG_ENABLE_OBJC_ARC = YES;
				CLANG_ENABLE_OBJC_WEAK = YES;
				CLANG_WARN_BLOCK_CAPTURE_AUTORELEASING = YES;
				CLANG_WARN_BOOL_CONVERSION = YES;
				CLANG_WARN_COMMA = YES;
				CLANG_WARN_CONSTANT_CONVERSION = YES;
				CLANG_WARN_DEPRECATED_OBJC_IMPLEMENTATIONS = YES;
				CLANG_WARN_DIRECT_OBJC_ISA_USAGE = YES_ERROR;
				CLANG_WARN_DOCUMENTATION_COMMENTS = YES;
				CLANG_WARN_EMPTY_BODY = YES;
				CLANG_WARN_ENUM_CONVERSION = YES;
				CLANG_WARN_INFINITE_RECURSION = YES;
				CLANG_WARN_INT_CONVERSION = YES;
				CLANG_WARN_NON_LITERAL_NULL_CONVERSION = YES;
				CLANG_WARN_OBJC_IMPLICIT_RETAIN_SELF = YES;
				CLANG_WARN_OBJC_LITERAL_CONVERSION = YES;
				CLANG_WARN_OBJC_ROOT_CLASS = YES_ERROR;
				CLANG_WARN_RANGE_LOOP_ANALYSIS = YES;
				CLANG_WARN_STRICT_PROTOTYPES = YES;
				CLANG_WARN_SUSPICIOUS_MOVE = YES;
				CLANG_WARN_UNGUARDED_AVAILABILITY = YES_AGGRESSIVE;
				CLANG_WARN_UNREACHABLE_CODE = YES;
				CLANG_WARN__DUPLICATE_METHOD_MATCH = YES;
				CODE_SIGN_IDENTITY = "iPhone Developer";
				COPY_PHASE_STRIP = NO;
				DEBUG_INFORMATION_FORMAT = "dwarf-with-dsym";
				ENABLE_NS_ASSERTIONS = NO;
				ENABLE_STRICT_OBJC_MSGSEND = YES;
				GCC_C_LANGUAGE_STANDARD = gnu11;
				GCC_NO_COMMON_BLOCKS = YES;
				GCC_WARN_64_TO_32_BIT_CONVERSION = YES;
				GCC_WARN_ABOUT_RETURN_TYPE = YES_ERROR;
				GCC_WARN_UNDECLARED_SELECTOR = YES;
				GCC_WARN_UNINITIALIZED_AUTOS = YES_AGGRESSIVE;
				GCC_WARN_UNUSED_FUNCTION = YES;
				GCC_WARN_UNUSED_VARIABLE = YES;
				IPHONEOS_DEPLOYMENT_TARGET = 12.1;
				MTL_ENABLE_DEBUG_INFO = NO;
				MTL_FAST_MATH = YES;
				SDKROOT = iphoneos;
				SWIFT_COMPILATION_MODE = wholemodule;
				SWIFT_OPTIMIZATION_LEVEL = "-O";
				VALIDATE_PRODUCT = YES;
			};
			name = Release;
		};
		DDAAA93E21B23C8400E76F0F /* Debug */ = {
			isa = XCBuildConfiguration;
			buildSettings = {
				ASSETCATALOG_COMPILER_APPICON_NAME = AppIcon;
				CLANG_ENABLE_MODULES = YES;
				CODE_SIGN_STYLE = Automatic;
				DEVELOPMENT_TEAM = E494JCS3SC;
				INFOPLIST_FILE = MoviesBox/Info.plist;
				LD_RUNPATH_SEARCH_PATHS = (
					"$(inherited)",
					"@executable_path/Frameworks",
				);
				PRODUCT_BUNDLE_IDENTIFIER = com.test.MoviesBox;
				PRODUCT_NAME = "$(TARGET_NAME)";
				SWIFT_OBJC_BRIDGING_HEADER = "MoviesBox/Helpers/iCarousel/MoviesBox-Bridging-Header.h";
				SWIFT_OPTIMIZATION_LEVEL = "-Onone";
				SWIFT_VERSION = 4.2;
				TARGETED_DEVICE_FAMILY = 1;
			};
			name = Debug;
		};
		DDAAA93F21B23C8400E76F0F /* Release */ = {
			isa = XCBuildConfiguration;
			buildSettings = {
				ASSETCATALOG_COMPILER_APPICON_NAME = AppIcon;
				CLANG_ENABLE_MODULES = YES;
				CODE_SIGN_STYLE = Automatic;
				DEVELOPMENT_TEAM = E494JCS3SC;
				INFOPLIST_FILE = MoviesBox/Info.plist;
				LD_RUNPATH_SEARCH_PATHS = (
					"$(inherited)",
					"@executable_path/Frameworks",
				);
				PRODUCT_BUNDLE_IDENTIFIER = com.test.MoviesBox;
				PRODUCT_NAME = "$(TARGET_NAME)";
				SWIFT_OBJC_BRIDGING_HEADER = "MoviesBox/Helpers/iCarousel/MoviesBox-Bridging-Header.h";
				SWIFT_VERSION = 4.2;
				TARGETED_DEVICE_FAMILY = 1;
			};
			name = Release;
		};
		DDAAA94121B23C8400E76F0F /* Debug */ = {
			isa = XCBuildConfiguration;
			buildSettings = {
				ALWAYS_EMBED_SWIFT_STANDARD_LIBRARIES = YES;
				BUNDLE_LOADER = "$(TEST_HOST)";
				CODE_SIGN_STYLE = Automatic;
				DEVELOPMENT_TEAM = E494JCS3SC;
				INFOPLIST_FILE = MoviesBoxTests/Info.plist;
				LD_RUNPATH_SEARCH_PATHS = (
					"$(inherited)",
					"@executable_path/Frameworks",
					"@loader_path/Frameworks",
				);
				PRODUCT_BUNDLE_IDENTIFIER = com.test.MoviesBoxTests;
				PRODUCT_NAME = "$(TARGET_NAME)";
				SWIFT_VERSION = 4.2;
				TARGETED_DEVICE_FAMILY = "1,2";
				TEST_HOST = "$(BUILT_PRODUCTS_DIR)/MoviesBox.app/MoviesBox";
			};
			name = Debug;
		};
		DDAAA94221B23C8400E76F0F /* Release */ = {
			isa = XCBuildConfiguration;
			buildSettings = {
				ALWAYS_EMBED_SWIFT_STANDARD_LIBRARIES = YES;
				BUNDLE_LOADER = "$(TEST_HOST)";
				CODE_SIGN_STYLE = Automatic;
				DEVELOPMENT_TEAM = E494JCS3SC;
				INFOPLIST_FILE = MoviesBoxTests/Info.plist;
				LD_RUNPATH_SEARCH_PATHS = (
					"$(inherited)",
					"@executable_path/Frameworks",
					"@loader_path/Frameworks",
				);
				PRODUCT_BUNDLE_IDENTIFIER = com.test.MoviesBoxTests;
				PRODUCT_NAME = "$(TARGET_NAME)";
				SWIFT_VERSION = 4.2;
				TARGETED_DEVICE_FAMILY = "1,2";
				TEST_HOST = "$(BUILT_PRODUCTS_DIR)/MoviesBox.app/MoviesBox";
			};
			name = Release;
		};
/* End XCBuildConfiguration section */

/* Begin XCConfigurationList section */
		DDAAA91821B23C8200E76F0F /* Build configuration list for PBXProject "MoviesBox" */ = {
			isa = XCConfigurationList;
			buildConfigurations = (
				DDAAA93B21B23C8400E76F0F /* Debug */,
				DDAAA93C21B23C8400E76F0F /* Release */,
			);
			defaultConfigurationIsVisible = 0;
			defaultConfigurationName = Release;
		};
		DDAAA93D21B23C8400E76F0F /* Build configuration list for PBXNativeTarget "MoviesBox" */ = {
			isa = XCConfigurationList;
			buildConfigurations = (
				DDAAA93E21B23C8400E76F0F /* Debug */,
				DDAAA93F21B23C8400E76F0F /* Release */,
			);
			defaultConfigurationIsVisible = 0;
			defaultConfigurationName = Release;
		};
		DDAAA94021B23C8400E76F0F /* Build configuration list for PBXNativeTarget "MoviesBoxTests" */ = {
			isa = XCConfigurationList;
			buildConfigurations = (
				DDAAA94121B23C8400E76F0F /* Debug */,
				DDAAA94221B23C8400E76F0F /* Release */,
			);
			defaultConfigurationIsVisible = 0;
			defaultConfigurationName = Release;
		};
/* End XCConfigurationList section */

/* Begin XCVersionGroup section */
		DDAAA92721B23C8200E76F0F /* MoviesBox.xcdatamodeld */ = {
			isa = XCVersionGroup;
			children = (
				DDAAA92821B23C8200E76F0F /* MoviesBox.xcdatamodel */,
			);
			currentVersion = DDAAA92821B23C8200E76F0F /* MoviesBox.xcdatamodel */;
			path = MoviesBox.xcdatamodeld;
			sourceTree = "<group>";
			versionGroupType = wrapper.xcdatamodel;
		};
/* End XCVersionGroup section */
	};
	rootObject = DDAAA91521B23C8200E76F0F /* Project object */;
}
